// !$*UTF8*$!
{
	archiveVersion = 1;
	classes = {
	};
	objectVersion = 46;
	objects = {

/* Begin PBXBuildFile section */
		23CE18F61978FF5800DA8967 /* main.m in Sources */ = {isa = PBXBuildFile; fileRef = 23CE18F51978FF5800DA8967 /* main.m */; };
		23CE18F91978FF5800DA8967 /* AppDelegate.m in Sources */ = {isa = PBXBuildFile; fileRef = 23CE18F81978FF5800DA8967 /* AppDelegate.m */; };
		23CE18FC1978FF5800DA8967 /* ViewController.m in Sources */ = {isa = PBXBuildFile; fileRef = 23CE18FB1978FF5800DA8967 /* ViewController.m */; };
		23CE18FF1978FF5800DA8967 /* Main.storyboard in Resources */ = {isa = PBXBuildFile; fileRef = 23CE18FD1978FF5800DA8967 /* Main.storyboard */; };
		23CE19011978FF5800DA8967 /* Images.xcassets in Resources */ = {isa = PBXBuildFile; fileRef = 23CE19001978FF5800DA8967 /* Images.xcassets */; };
		23CE190D1978FF5800DA8967 /* OPHTableControllerTests.m in Sources */ = {isa = PBXBuildFile; fileRef = 23CE190C1978FF5800DA8967 /* OPHTableControllerTests.m */; };
		3D72958019E57532000D7B3A /* OPHLoadMore.m in Sources */ = {isa = PBXBuildFile; fileRef = 3D72957619E57532000D7B3A /* OPHLoadMore.m */; };
		3D72958119E57532000D7B3A /* OPHTableController.m in Sources */ = {isa = PBXBuildFile; fileRef = 3D72957819E57532000D7B3A /* OPHTableController.m */; };
		3D72958219E57532000D7B3A /* SSPullToRefreshDefaultContentView.m in Sources */ = {isa = PBXBuildFile; fileRef = 3D72957B19E57532000D7B3A /* SSPullToRefreshDefaultContentView.m */; };
		3D72958319E57532000D7B3A /* SSPullToRefreshSimpleContentView.m in Sources */ = {isa = PBXBuildFile; fileRef = 3D72957D19E57532000D7B3A /* SSPullToRefreshSimpleContentView.m */; };
		3D72958419E57532000D7B3A /* SSPullToRefreshView.m in Sources */ = {isa = PBXBuildFile; fileRef = 3D72957F19E57532000D7B3A /* SSPullToRefreshView.m */; };
		3D72958619E57EA6000D7B3A /* OPHTableController.podspec in Resources */ = {isa = PBXBuildFile; fileRef = 3D72958519E57EA6000D7B3A /* OPHTableController.podspec */; };
/* End PBXBuildFile section */

/* Begin PBXContainerItemProxy section */
		23CE19071978FF5800DA8967 /* PBXContainerItemProxy */ = {
			isa = PBXContainerItemProxy;
			containerPortal = 23CE18E81978FF5800DA8967 /* Project object */;
			proxyType = 1;
			remoteGlobalIDString = 23CE18EF1978FF5800DA8967;
			remoteInfo = OPHTableController;
		};
/* End PBXContainerItemProxy section */

/* Begin PBXFileReference section */
		23CE18F01978FF5800DA8967 /* OPHTableController.app */ = {isa = PBXFileReference; explicitFileType = wrapper.application; includeInIndex = 0; path = OPHTableController.app; sourceTree = BUILT_PRODUCTS_DIR; };
		23CE18F41978FF5800DA8967 /* Info.plist */ = {isa = PBXFileReference; lastKnownFileType = text.plist.xml; path = Info.plist; sourceTree = "<group>"; };
		23CE18F51978FF5800DA8967 /* main.m */ = {isa = PBXFileReference; lastKnownFileType = sourcecode.c.objc; path = main.m; sourceTree = "<group>"; };
		23CE18F71978FF5800DA8967 /* AppDelegate.h */ = {isa = PBXFileReference; lastKnownFileType = sourcecode.c.h; path = AppDelegate.h; sourceTree = "<group>"; };
		23CE18F81978FF5800DA8967 /* AppDelegate.m */ = {isa = PBXFileReference; lastKnownFileType = sourcecode.c.objc; path = AppDelegate.m; sourceTree = "<group>"; };
		23CE18FA1978FF5800DA8967 /* ViewController.h */ = {isa = PBXFileReference; lastKnownFileType = sourcecode.c.h; path = ViewController.h; sourceTree = "<group>"; };
		23CE18FB1978FF5800DA8967 /* ViewController.m */ = {isa = PBXFileReference; lastKnownFileType = sourcecode.c.objc; path = ViewController.m; sourceTree = "<group>"; };
		23CE18FE1978FF5800DA8967 /* Base */ = {isa = PBXFileReference; lastKnownFileType = file.storyboard; name = Base; path = Base.lproj/Main.storyboard; sourceTree = "<group>"; };
		23CE19001978FF5800DA8967 /* Images.xcassets */ = {isa = PBXFileReference; lastKnownFileType = folder.assetcatalog; path = Images.xcassets; sourceTree = "<group>"; };
		23CE19061978FF5800DA8967 /* OPHTableControllerTests.xctest */ = {isa = PBXFileReference; explicitFileType = wrapper.cfbundle; includeInIndex = 0; path = OPHTableControllerTests.xctest; sourceTree = BUILT_PRODUCTS_DIR; };
		23CE190B1978FF5800DA8967 /* Info.plist */ = {isa = PBXFileReference; lastKnownFileType = text.plist.xml; path = Info.plist; sourceTree = "<group>"; };
		23CE190C1978FF5800DA8967 /* OPHTableControllerTests.m */ = {isa = PBXFileReference; lastKnownFileType = sourcecode.c.objc; path = OPHTableControllerTests.m; sourceTree = "<group>"; };
		3D72957519E57532000D7B3A /* OPHLoadMore.h */ = {isa = PBXFileReference; fileEncoding = 4; lastKnownFileType = sourcecode.c.h; path = OPHLoadMore.h; sourceTree = "<group>"; };
		3D72957619E57532000D7B3A /* OPHLoadMore.m */ = {isa = PBXFileReference; fileEncoding = 4; lastKnownFileType = sourcecode.c.objc; path = OPHLoadMore.m; sourceTree = "<group>"; };
		3D72957719E57532000D7B3A /* OPHTableController.h */ = {isa = PBXFileReference; fileEncoding = 4; lastKnownFileType = sourcecode.c.h; path = OPHTableController.h; sourceTree = "<group>"; };
		3D72957819E57532000D7B3A /* OPHTableController.m */ = {isa = PBXFileReference; fileEncoding = 4; lastKnownFileType = sourcecode.c.objc; path = OPHTableController.m; sourceTree = "<group>"; };
		3D72957919E57532000D7B3A /* SSPullToRefresh.h */ = {isa = PBXFileReference; fileEncoding = 4; lastKnownFileType = sourcecode.c.h; path = SSPullToRefresh.h; sourceTree = "<group>"; };
		3D72957A19E57532000D7B3A /* SSPullToRefreshDefaultContentView.h */ = {isa = PBXFileReference; fileEncoding = 4; lastKnownFileType = sourcecode.c.h; path = SSPullToRefreshDefaultContentView.h; sourceTree = "<group>"; };
		3D72957B19E57532000D7B3A /* SSPullToRefreshDefaultContentView.m */ = {isa = PBXFileReference; fileEncoding = 4; lastKnownFileType = sourcecode.c.objc; path = SSPullToRefreshDefaultContentView.m; sourceTree = "<group>"; };
		3D72957C19E57532000D7B3A /* SSPullToRefreshSimpleContentView.h */ = {isa = PBXFileReference; fileEncoding = 4; lastKnownFileType = sourcecode.c.h; path = SSPullToRefreshSimpleContentView.h; sourceTree = "<group>"; };
		3D72957D19E57532000D7B3A /* SSPullToRefreshSimpleContentView.m */ = {isa = PBXFileReference; fileEncoding = 4; lastKnownFileType = sourcecode.c.objc; path = SSPullToRefreshSimpleContentView.m; sourceTree = "<group>"; };
		3D72957E19E57532000D7B3A /* SSPullToRefreshView.h */ = {isa = PBXFileReference; fileEncoding = 4; lastKnownFileType = sourcecode.c.h; path = SSPullToRefreshView.h; sourceTree = "<group>"; };
		3D72957F19E57532000D7B3A /* SSPullToRefreshView.m */ = {isa = PBXFileReference; fileEncoding = 4; lastKnownFileType = sourcecode.c.objc; path = SSPullToRefreshView.m; sourceTree = "<group>"; };
		3D72958519E57EA6000D7B3A /* OPHTableController.podspec */ = {isa = PBXFileReference; fileEncoding = 4; lastKnownFileType = text; path = OPHTableController.podspec; sourceTree = "<group>"; };
/* End PBXFileReference section */

/* Begin PBXFrameworksBuildPhase section */
		23CE18ED1978FF5800DA8967 /* Frameworks */ = {
			isa = PBXFrameworksBuildPhase;
			buildActionMask = 2147483647;
			files = (
			);
			runOnlyForDeploymentPostprocessing = 0;
		};
		23CE19031978FF5800DA8967 /* Frameworks */ = {
			isa = PBXFrameworksBuildPhase;
			buildActionMask = 2147483647;
			files = (
			);
			runOnlyForDeploymentPostprocessing = 0;
		};
/* End PBXFrameworksBuildPhase section */

/* Begin PBXGroup section */
		23CE18E71978FF5800DA8967 = {
			isa = PBXGroup;
			children = (
				3D72957419E57532000D7B3A /* Source */,
				23CE18F21978FF5800DA8967 /* OPHTableController */,
				23CE19091978FF5800DA8967 /* OPHTableControllerTests */,
				23CE18F11978FF5800DA8967 /* Products */,
			);
			sourceTree = "<group>";
		};
		23CE18F11978FF5800DA8967 /* Products */ = {
			isa = PBXGroup;
			children = (
				23CE18F01978FF5800DA8967 /* OPHTableController.app */,
				23CE19061978FF5800DA8967 /* OPHTableControllerTests.xctest */,
			);
			name = Products;
			sourceTree = "<group>";
		};
		23CE18F21978FF5800DA8967 /* OPHTableController */ = {
			isa = PBXGroup;
			children = (
				23CE18F71978FF5800DA8967 /* AppDelegate.h */,
				23CE18F81978FF5800DA8967 /* AppDelegate.m */,
				23CE18FA1978FF5800DA8967 /* ViewController.h */,
				23CE18FB1978FF5800DA8967 /* ViewController.m */,
				23CE18FD1978FF5800DA8967 /* Main.storyboard */,
				23CE19001978FF5800DA8967 /* Images.xcassets */,
				23CE18F31978FF5800DA8967 /* Supporting Files */,
			);
			path = OPHTableController;
			sourceTree = "<group>";
		};
		23CE18F31978FF5800DA8967 /* Supporting Files */ = {
			isa = PBXGroup;
			children = (
				23CE18F41978FF5800DA8967 /* Info.plist */,
				23CE18F51978FF5800DA8967 /* main.m */,
			);
			name = "Supporting Files";
			sourceTree = "<group>";
		};
		23CE19091978FF5800DA8967 /* OPHTableControllerTests */ = {
			isa = PBXGroup;
			children = (
				23CE190C1978FF5800DA8967 /* OPHTableControllerTests.m */,
				23CE190A1978FF5800DA8967 /* Supporting Files */,
			);
			path = OPHTableControllerTests;
			sourceTree = "<group>";
		};
		23CE190A1978FF5800DA8967 /* Supporting Files */ = {
			isa = PBXGroup;
			children = (
				23CE190B1978FF5800DA8967 /* Info.plist */,
			);
			name = "Supporting Files";
			sourceTree = "<group>";
		};
		3D72957419E57532000D7B3A /* Source */ = {
			isa = PBXGroup;
			children = (
				3D72957519E57532000D7B3A /* OPHLoadMore.h */,
				3D72957619E57532000D7B3A /* OPHLoadMore.m */,
				3D72958519E57EA6000D7B3A /* OPHTableController.podspec */,
				3D72957719E57532000D7B3A /* OPHTableController.h */,
				3D72957819E57532000D7B3A /* OPHTableController.m */,
				3D72957919E57532000D7B3A /* SSPullToRefresh.h */,
				3D72957A19E57532000D7B3A /* SSPullToRefreshDefaultContentView.h */,
				3D72957B19E57532000D7B3A /* SSPullToRefreshDefaultContentView.m */,
				3D72957C19E57532000D7B3A /* SSPullToRefreshSimpleContentView.h */,
				3D72957D19E57532000D7B3A /* SSPullToRefreshSimpleContentView.m */,
				3D72957E19E57532000D7B3A /* SSPullToRefreshView.h */,
				3D72957F19E57532000D7B3A /* SSPullToRefreshView.m */,
			);
			path = Source;
			sourceTree = "<group>";
		};
/* End PBXGroup section */

/* Begin PBXNativeTarget section */
		23CE18EF1978FF5800DA8967 /* OPHTableController */ = {
			isa = PBXNativeTarget;
			buildConfigurationList = 23CE19101978FF5800DA8967 /* Build configuration list for PBXNativeTarget "OPHTableController" */;
			buildPhases = (
				23CE18EC1978FF5800DA8967 /* Sources */,
				23CE18ED1978FF5800DA8967 /* Frameworks */,
				23CE18EE1978FF5800DA8967 /* Resources */,
			);
			buildRules = (
			);
			dependencies = (
			);
			name = OPHTableController;
			productName = OPHTableController;
			productReference = 23CE18F01978FF5800DA8967 /* OPHTableController.app */;
			productType = "com.apple.product-type.application";
		};
		23CE19051978FF5800DA8967 /* OPHTableControllerTests */ = {
			isa = PBXNativeTarget;
			buildConfigurationList = 23CE19131978FF5800DA8967 /* Build configuration list for PBXNativeTarget "OPHTableControllerTests" */;
			buildPhases = (
				23CE19021978FF5800DA8967 /* Sources */,
				23CE19031978FF5800DA8967 /* Frameworks */,
				23CE19041978FF5800DA8967 /* Resources */,
			);
			buildRules = (
			);
			dependencies = (
				23CE19081978FF5800DA8967 /* PBXTargetDependency */,
			);
			name = OPHTableControllerTests;
			productName = OPHTableControllerTests;
			productReference = 23CE19061978FF5800DA8967 /* OPHTableControllerTests.xctest */;
			productType = "com.apple.product-type.bundle.unit-test";
		};
/* End PBXNativeTarget section */

/* Begin PBXProject section */
		23CE18E81978FF5800DA8967 /* Project object */ = {
			isa = PBXProject;
			attributes = {
				LastUpgradeCheck = 0600;
				ORGANIZATIONNAME = "Ritesh Gupta";
				TargetAttributes = {
					23CE18EF1978FF5800DA8967 = {
						CreatedOnToolsVersion = 6.0;
						DevelopmentTeam = 2GVJ6JS822;
					};
					23CE19051978FF5800DA8967 = {
						CreatedOnToolsVersion = 6.0;
						TestTargetID = 23CE18EF1978FF5800DA8967;
					};
				};
			};
			buildConfigurationList = 23CE18EB1978FF5800DA8967 /* Build configuration list for PBXProject "OPHTableController" */;
			compatibilityVersion = "Xcode 3.2";
			developmentRegion = English;
			hasScannedForEncodings = 0;
			knownRegions = (
				en,
				Base,
			);
			mainGroup = 23CE18E71978FF5800DA8967;
			productRefGroup = 23CE18F11978FF5800DA8967 /* Products */;
			projectDirPath = "";
			projectRoot = "";
			targets = (
				23CE18EF1978FF5800DA8967 /* OPHTableController */,
				23CE19051978FF5800DA8967 /* OPHTableControllerTests */,
			);
		};
/* End PBXProject section */

/* Begin PBXResourcesBuildPhase section */
		23CE18EE1978FF5800DA8967 /* Resources */ = {
			isa = PBXResourcesBuildPhase;
			buildActionMask = 2147483647;
			files = (
				3D72958619E57EA6000D7B3A /* OPHTableController.podspec in Resources */,
				23CE18FF1978FF5800DA8967 /* Main.storyboard in Resources */,
				23CE19011978FF5800DA8967 /* Images.xcassets in Resources */,
			);
			runOnlyForDeploymentPostprocessing = 0;
		};
		23CE19041978FF5800DA8967 /* Resources */ = {
			isa = PBXResourcesBuildPhase;
			buildActionMask = 2147483647;
			files = (
			);
			runOnlyForDeploymentPostprocessing = 0;
		};
/* End PBXResourcesBuildPhase section */

/* Begin PBXSourcesBuildPhase section */
		23CE18EC1978FF5800DA8967 /* Sources */ = {
			isa = PBXSourcesBuildPhase;
			buildActionMask = 2147483647;
			files = (
				3D72958419E57532000D7B3A /* SSPullToRefreshView.m in Sources */,
				3D72958219E57532000D7B3A /* SSPullToRefreshDefaultContentView.m in Sources */,
				23CE18FC1978FF5800DA8967 /* ViewController.m in Sources */,
				23CE18F91978FF5800DA8967 /* AppDelegate.m in Sources */,
				3D72958019E57532000D7B3A /* OPHLoadMore.m in Sources */,
				3D72958319E57532000D7B3A /* SSPullToRefreshSimpleContentView.m in Sources */,
				23CE18F61978FF5800DA8967 /* main.m in Sources */,
				3D72958119E57532000D7B3A /* OPHTableController.m in Sources */,
			);
			runOnlyForDeploymentPostprocessing = 0;
		};
		23CE19021978FF5800DA8967 /* Sources */ = {
			isa = PBXSourcesBuildPhase;
			buildActionMask = 2147483647;
			files = (
				23CE190D1978FF5800DA8967 /* OPHTableControllerTests.m in Sources */,
			);
			runOnlyForDeploymentPostprocessing = 0;
		};
/* End PBXSourcesBuildPhase section */

/* Begin PBXTargetDependency section */
		23CE19081978FF5800DA8967 /* PBXTargetDependency */ = {
			isa = PBXTargetDependency;
			target = 23CE18EF1978FF5800DA8967 /* OPHTableController */;
			targetProxy = 23CE19071978FF5800DA8967 /* PBXContainerItemProxy */;
		};
/* End PBXTargetDependency section */

/* Begin PBXVariantGroup section */
		23CE18FD1978FF5800DA8967 /* Main.storyboard */ = {
			isa = PBXVariantGroup;
			children = (
				23CE18FE1978FF5800DA8967 /* Base */,
			);
			name = Main.storyboard;
			sourceTree = "<group>";
		};
/* End PBXVariantGroup section */

/* Begin XCBuildConfiguration section */
		23CE190E1978FF5800DA8967 /* Debug */ = {
			isa = XCBuildConfiguration;
			buildSettings = {
				ALWAYS_SEARCH_USER_PATHS = NO;
				CLANG_CXX_LANGUAGE_STANDARD = "gnu++0x";
				CLANG_CXX_LIBRARY = "libc++";
				CLANG_ENABLE_MODULES = YES;
				CLANG_ENABLE_OBJC_ARC = YES;
				CLANG_WARN_BOOL_CONVERSION = YES;
				CLANG_WARN_CONSTANT_CONVERSION = YES;
				CLANG_WARN_DIRECT_OBJC_ISA_USAGE = YES_ERROR;
				CLANG_WARN_EMPTY_BODY = YES;
				CLANG_WARN_ENUM_CONVERSION = YES;
				CLANG_WARN_INT_CONVERSION = YES;
				CLANG_WARN_OBJC_ROOT_CLASS = YES_ERROR;
				CLANG_WARN_UNREACHABLE_CODE = YES;
				CLANG_WARN__DUPLICATE_METHOD_MATCH = YES;
				"CODE_SIGN_IDENTITY[sdk=iphoneos*]" = "iPhone Developer";
				COPY_PHASE_STRIP = NO;
				ENABLE_STRICT_OBJC_MSGSEND = YES;
				GCC_C_LANGUAGE_STANDARD = gnu99;
				GCC_DYNAMIC_NO_PIC = NO;
				GCC_OPTIMIZATION_LEVEL = 0;
				GCC_PREPROCESSOR_DEFINITIONS = (
					"DEBUG=1",
					"$(inherited)",
				);
				GCC_SYMBOLS_PRIVATE_EXTERN = NO;
				GCC_WARN_64_TO_32_BIT_CONVERSION = YES;
				GCC_WARN_ABOUT_RETURN_TYPE = YES_ERROR;
				GCC_WARN_UNDECLARED_SELECTOR = YES;
				GCC_WARN_UNINITIALIZED_AUTOS = YES_AGGRESSIVE;
				GCC_WARN_UNUSED_FUNCTION = YES;
				GCC_WARN_UNUSED_VARIABLE = YES;
				IPHONEOS_DEPLOYMENT_TARGET = 8.0;
				METAL_ENABLE_DEBUG_INFO = YES;
				ONLY_ACTIVE_ARCH = YES;
				PROVISIONING_PROFILE = "14EE2488-F166-436E-BB63-6E13E5921177";
				SDKROOT = iphoneos;
			};
			name = Debug;
		};
		23CE190F1978FF5800DA8967 /* Release */ = {
			isa = XCBuildConfiguration;
			buildSettings = {
				ALWAYS_SEARCH_USER_PATHS = NO;
				CLANG_CXX_LANGUAGE_STANDARD = "gnu++0x";
				CLANG_CXX_LIBRARY = "libc++";
				CLANG_ENABLE_MODULES = YES;
				CLANG_ENABLE_OBJC_ARC = YES;
				CLANG_WARN_BOOL_CONVERSION = YES;
				CLANG_WARN_CONSTANT_CONVERSION = YES;
				CLANG_WARN_DIRECT_OBJC_ISA_USAGE = YES_ERROR;
				CLANG_WARN_EMPTY_BODY = YES;
				CLANG_WARN_ENUM_CONVERSION = YES;
				CLANG_WARN_INT_CONVERSION = YES;
				CLANG_WARN_OBJC_ROOT_CLASS = YES_ERROR;
				CLANG_WARN_UNREACHABLE_CODE = YES;
				CLANG_WARN__DUPLICATE_METHOD_MATCH = YES;
				"CODE_SIGN_IDENTITY[sdk=iphoneos*]" = "iPhone Developer";
				COPY_PHASE_STRIP = YES;
				ENABLE_NS_ASSERTIONS = NO;
				ENABLE_STRICT_OBJC_MSGSEND = YES;
				GCC_C_LANGUAGE_STANDARD = gnu99;
				GCC_WARN_64_TO_32_BIT_CONVERSION = YES;
				GCC_WARN_ABOUT_RETURN_TYPE = YES_ERROR;
				GCC_WARN_UNDECLARED_SELECTOR = YES;
				GCC_WARN_UNINITIALIZED_AUTOS = YES_AGGRESSIVE;
				GCC_WARN_UNUSED_FUNCTION = YES;
				GCC_WARN_UNUSED_VARIABLE = YES;
				IPHONEOS_DEPLOYMENT_TARGET = 8.0;
				METAL_ENABLE_DEBUG_INFO = NO;
				PROVISIONING_PROFILE = "14EE2488-F166-436E-BB63-6E13E5921177";
				SDKROOT = iphoneos;
				VALIDATE_PRODUCT = YES;
			};
			name = Release;
		};
		23CE19111978FF5800DA8967 /* Debug */ = {
			isa = XCBuildConfiguration;
			buildSettings = {
				ASSETCATALOG_COMPILER_APPICON_NAME = AppIcon;
				ASSETCATALOG_COMPILER_LAUNCHIMAGE_NAME = LaunchImage;
				CODE_SIGN_IDENTITY = "iPhone Developer";
				INFOPLIST_FILE = OPHTableController/Info.plist;
				LD_RUNPATH_SEARCH_PATHS = "$(inherited) @executable_path/Frameworks";
				PRODUCT_NAME = "$(TARGET_NAME)";
			};
			name = Debug;
		};
		23CE19121978FF5800DA8967 /* Release */ = {
			isa = XCBuildConfiguration;
			buildSettings = {
				ASSETCATALOG_COMPILER_APPICON_NAME = AppIcon;
				ASSETCATALOG_COMPILER_LAUNCHIMAGE_NAME = LaunchImage;
				CODE_SIGN_IDENTITY = "iPhone Developer";
				INFOPLIST_FILE = OPHTableController/Info.plist;
				LD_RUNPATH_SEARCH_PATHS = "$(inherited) @executable_path/Frameworks";
				PRODUCT_NAME = "$(TARGET_NAME)";
			};
			name = Release;
		};
		23CE19141978FF5800DA8967 /* Debug */ = {
			isa = XCBuildConfiguration;
			buildSettings = {
				BUNDLE_LOADER = "$(BUILT_PRODUCTS_DIR)/OPHTableController.app/OPHTableController";
				FRAMEWORK_SEARCH_PATHS = (
					"$(SDKROOT)/Developer/Library/Frameworks",
					"$(inherited)",
				);
				GCC_PREPROCESSOR_DEFINITIONS = (
					"DEBUG=1",
					"$(inherited)",
				);
				INFOPLIST_FILE = OPHTableControllerTests/Info.plist;
				LD_RUNPATH_SEARCH_PATHS = "$(inherited) @executable_path/Frameworks @loader_path/Frameworks";
				METAL_ENABLE_DEBUG_INFO = YES;
				PRODUCT_NAME = "$(TARGET_NAME)";
				TEST_HOST = "$(BUNDLE_LOADER)";
			};
			name = Debug;
		};
		23CE19151978FF5800DA8967 /* Release */ = {
			isa = XCBuildConfiguration;
			buildSettings = {
				BUNDLE_LOADER = "$(BUILT_PRODUCTS_DIR)/OPHTableController.app/OPHTableController";
				FRAMEWORK_SEARCH_PATHS = (
					"$(SDKROOT)/Developer/Library/Frameworks",
					"$(inherited)",
				);
				INFOPLIST_FILE = OPHTableControllerTests/Info.plist;
				LD_RUNPATH_SEARCH_PATHS = "$(inherited) @executable_path/Frameworks @loader_path/Frameworks";
				METAL_ENABLE_DEBUG_INFO = NO;
				PRODUCT_NAME = "$(TARGET_NAME)";
				TEST_HOST = "$(BUNDLE_LOADER)";
			};
			name = Release;
		};
/* End XCBuildConfiguration section */

/* Begin XCConfigurationList section */
		23CE18EB1978FF5800DA8967 /* Build configuration list for PBXProject "OPHTableController" */ = {
			isa = XCConfigurationList;
			buildConfigurations = (
				23CE190E1978FF5800DA8967 /* Debug */,
				23CE190F1978FF5800DA8967 /* Release */,
			);
			defaultConfigurationIsVisible = 0;
			defaultConfigurationName = Release;
		};
		23CE19101978FF5800DA8967 /* Build configuration list for PBXNativeTarget "OPHTableController" */ = {
			isa = XCConfigurationList;
			buildConfigurations = (
				23CE19111978FF5800DA8967 /* Debug */,
				23CE19121978FF5800DA8967 /* Release */,
			);
			defaultConfigurationIsVisible = 0;
			defaultConfigurationName = Release;
		};
		23CE19131978FF5800DA8967 /* Build configuration list for PBXNativeTarget "OPHTableControllerTests" */ = {
			isa = XCConfigurationList;
			buildConfigurations = (
				23CE19141978FF5800DA8967 /* Debug */,
				23CE19151978FF5800DA8967 /* Release */,
			);
			defaultConfigurationIsVisible = 0;
			defaultConfigurationName = Release;
		};
/* End XCConfigurationList section */
	};
	rootObject = 23CE18E81978FF5800DA8967 /* Project object */;
}
